PODS:
  - BaiduMapKit (6.6.1):
    - BaiduMapKit/Base (= 6.6.1)
    - BaiduMapKit/Map (= 6.6.1)
    - BaiduMapKit/Search (= 6.6.1)
    - BaiduMapKit/Utils (= 6.6.1)
  - BaiduMapKit/Base (6.6.1)
  - BaiduMapKit/Map (6.6.1):
    - BaiduMapKit/Base
  - BaiduMapKit/Search (6.6.1):
    - BaiduMapKit/Base
  - BaiduMapKit/Utils (6.6.1):
    - BaiduMapKit/Base
  - Flutter (1.0.0)
  - flutter_qiyu (0.0.1):
    - BaiduMapKit (~> 6.6.1)
    - Flutter
    - QY_iOS_SDK (~> 9.1.0)
  - NIMSDK_LITE (8.9.110)
  - QY_iOS_SDK (9.1.0):
    - QY_iOS_SDK/Default (= 9.1.0)
  - QY_iOS_SDK/Default (9.1.0):
    - NIMSDK_LITE (= 8.9.110)

DEPENDENCIES:
  - Flutter (from `Flutter`)
  - flutter_qiyu (from `.symlinks/plugins/flutter_qiyu/ios`)

SPEC REPOS:
  trunk:
    - BaiduMapKit
    - NIMSDK_LITE
    - QY_iOS_SDK

EXTERNAL SOURCES:
  Flutter:
    :path: Flutter
  flutter_qiyu:
    :path: ".symlinks/plugins/flutter_qiyu/ios"

SPEC CHECKSUMS:
  BaiduMapKit: 78931f60b0bc6959214f36aec76aef6cf86c5400
  Flutter: e0871f40cf51350855a761d2e70bf5af5b9b5de7
  flutter_qiyu: 732902f2ae435490762624f03a2ef2a02cfb5a07
  NIMSDK_LITE: 299ff39677d705b91413d14ad352b32a1b0e72fe
  QY_iOS_SDK: bcaafd0ff38a777b3727bfe02482a63378db6908

PODFILE CHECKSUM: 1a782344d33c12ced0182eeab11e8668d253eb48

COCOAPODS: 1.15.2
